// !$*UTF8*$!
{
	archiveVersion = 1;
	classes = {
	};
	objectVersion = 45;
	objects = {

/* Begin PBXBuildFile section */
		1D3623260D0F684500981E51 /* MYCallsignAppDelegate.m in Sources */ = {isa = PBXBuildFile; fileRef = 1D3623250D0F684500981E51 /* MYCallsignAppDelegate.m */; };
		1D60589B0D05DD56006BFB54 /* main.m in Sources */ = {isa = PBXBuildFile; fileRef = 29B97316FDCFA39411CA2CEA /* main.m */; };
		1D60589F0D05DD5A006BFB54 /* Foundation.framework in Frameworks */ = {isa = PBXBuildFile; fileRef = 1D30AB110D05D00D00671497 /* Foundation.framework */; };
		1DF5F4E00D08C38300B7A737 /* UIKit.framework in Frameworks */ = {isa = PBXBuildFile; fileRef = 1DF5F4DF0D08C38300B7A737 /* UIKit.framework */; };
		288765FD0DF74451002DB57D /* CoreGraphics.framework in Frameworks */ = {isa = PBXBuildFile; fileRef = 288765FC0DF74451002DB57D /* CoreGraphics.framework */; };
		28AD733F0D9D9553002E5188 /* MainWindow.xib in Resources */ = {isa = PBXBuildFile; fileRef = 28AD733E0D9D9553002E5188 /* MainWindow.xib */; };
		9F13B51612EB2EBC0016B06D /* map_ico.png in Resources */ = {isa = PBXBuildFile; fileRef = 9F13B51512EB2EBC0016B06D /* map_ico.png */; };
		9F6AE06F12E773BA005DECC6 /* SearchNavController.m in Sources */ = {isa = PBXBuildFile; fileRef = 9F6AE06E12E773BA005DECC6 /* SearchNavController.m */; };
		9F6AE08912E7756D005DECC6 /* MemberDetailsViewController.m in Sources */ = {isa = PBXBuildFile; fileRef = 9F6AE08812E7756D005DECC6 /* MemberDetailsViewController.m */; };
		9F6AE08D12E776C6005DECC6 /* MemberDetailsView.xib in Resources */ = {isa = PBXBuildFile; fileRef = 9F6AE08C12E776C6005DECC6 /* MemberDetailsView.xib */; };
		9F72293B12E217630014C399 /* MYCallsign_ico.png in Resources */ = {isa = PBXBuildFile; fileRef = 9F72293A12E217630014C399 /* MYCallsign_ico.png */; };
		9F72294E12E21D400014C399 /* about_ico.png in Resources */ = {isa = PBXBuildFile; fileRef = 9F72294B12E21D400014C399 /* about_ico.png */; };
		9F72294F12E21D400014C399 /* repeater_ico.png in Resources */ = {isa = PBXBuildFile; fileRef = 9F72294C12E21D400014C399 /* repeater_ico.png */; };
		9F72295012E21D400014C399 /* search_ico.png in Resources */ = {isa = PBXBuildFile; fileRef = 9F72294D12E21D400014C399 /* search_ico.png */; };
		9F72296712E2288C0014C399 /* CallsignViewController.m in Sources */ = {isa = PBXBuildFile; fileRef = 9F72296612E2288C0014C399 /* CallsignViewController.m */; };
		9F72296912E228EE0014C399 /* CallsignView.xib in Resources */ = {isa = PBXBuildFile; fileRef = 9F72296812E228EE0014C399 /* CallsignView.xib */; };
		9F72296C12E2290E0014C399 /* RepeaterViewController.m in Sources */ = {isa = PBXBuildFile; fileRef = 9F72296B12E2290E0014C399 /* RepeaterViewController.m */; };
		9F72297112E229410014C399 /* AboutViewController.m in Sources */ = {isa = PBXBuildFile; fileRef = 9F72297012E229410014C399 /* AboutViewController.m */; };
		9F72297312E2294E0014C399 /* AboutView.xib in Resources */ = {isa = PBXBuildFile; fileRef = 9F72297212E2294E0014C399 /* AboutView.xib */; };
		9F7229ED12E37D010014C399 /* libsqlite3.0.dylib in Frameworks */ = {isa = PBXBuildFile; fileRef = 9F7229EC12E37D010014C399 /* libsqlite3.0.dylib */; };
		9F7229F412E37E160014C399 /* Member.m in Sources */ = {isa = PBXBuildFile; fileRef = 9F7229F312E37E160014C399 /* Member.m */; };
		9FCD477B12EB73C0007485AF /* RepeaterView.xib in Resources */ = {isa = PBXBuildFile; fileRef = 9FCD477A12EB73C0007485AF /* RepeaterView.xib */; };
		9FCD4AE912EC64AA007485AF /* RepeatersMapViewController.m in Sources */ = {isa = PBXBuildFile; fileRef = 9FCD4AE812EC64AA007485AF /* RepeatersMapViewController.m */; };
		9FCD4AEB12EC65D4007485AF /* RepeatersMapView.xib in Resources */ = {isa = PBXBuildFile; fileRef = 9FCD4AEA12EC65D4007485AF /* RepeatersMapView.xib */; };
		9FCD4B3012EC6EB6007485AF /* CoreLocation.framework in Frameworks */ = {isa = PBXBuildFile; fileRef = 9FCD4B2F12EC6EB6007485AF /* CoreLocation.framework */; };
		9FCD4EFA12EDEBA5007485AF /* Default.png in Resources */ = {isa = PBXBuildFile; fileRef = 9FCD4EF912EDEBA5007485AF /* Default.png */; };
		9FCD4F4C12EDF633007485AF /* about.png in Resources */ = {isa = PBXBuildFile; fileRef = 9FCD4F4B12EDF633007485AF /* about.png */; };
		9FCF4FB712E98C5500699BBE /* RepeaterNavController.m in Sources */ = {isa = PBXBuildFile; fileRef = 9FCF4FB612E98C5500699BBE /* RepeaterNavController.m */; };
		9FCF4FEA12E997D600699BBE /* Repeater.m in Sources */ = {isa = PBXBuildFile; fileRef = 9FCF4FE912E997D600699BBE /* Repeater.m */; };
		9FCF515712E9F68600699BBE /* mycallsign_db.sqlite3 in Resources */ = {isa = PBXBuildFile; fileRef = 9FCF515612E9F68600699BBE /* mycallsign_db.sqlite3 */; };
		9FCF522B12EAF81500699BBE /* MapViewController.m in Sources */ = {isa = PBXBuildFile; fileRef = 9FCF522A12EAF81500699BBE /* MapViewController.m */; };
		9FCF522D12EAF86B00699BBE /* MapView.xib in Resources */ = {isa = PBXBuildFile; fileRef = 9FCF522C12EAF86B00699BBE /* MapView.xib */; };
		9FCF528E12EAFF5E00699BBE /* MapKit.framework in Frameworks */ = {isa = PBXBuildFile; fileRef = 9FCF528D12EAFF5E00699BBE /* MapKit.framework */; };
		9FCF531F12EB0F6600699BBE /* MKAnnotation.m in Sources */ = {isa = PBXBuildFile; fileRef = 9FCF531E12EB0F6600699BBE /* MKAnnotation.m */; };
/* End PBXBuildFile section */

/* Begin PBXFileReference section */
		1D30AB110D05D00D00671497 /* Foundation.framework */ = {isa = PBXFileReference; lastKnownFileType = wrapper.framework; name = Foundation.framework; path = System/Library/Frameworks/Foundation.framework; sourceTree = SDKROOT; };
		1D3623240D0F684500981E51 /* MYCallsignAppDelegate.h */ = {isa = PBXFileReference; fileEncoding = 4; lastKnownFileType = sourcecode.c.h; path = MYCallsignAppDelegate.h; sourceTree = "<group>"; };
		1D3623250D0F684500981E51 /* MYCallsignAppDelegate.m */ = {isa = PBXFileReference; fileEncoding = 4; lastKnownFileType = sourcecode.c.objc; path = MYCallsignAppDelegate.m; sourceTree = "<group>"; };
		1D6058910D05DD3D006BFB54 /* MYCallsign.app */ = {isa = PBXFileReference; explicitFileType = wrapper.application; includeInIndex = 0; path = MYCallsign.app; sourceTree = BUILT_PRODUCTS_DIR; };
		1DF5F4DF0D08C38300B7A737 /* UIKit.framework */ = {isa = PBXFileReference; lastKnownFileType = wrapper.framework; name = UIKit.framework; path = System/Library/Frameworks/UIKit.framework; sourceTree = SDKROOT; };
		288765FC0DF74451002DB57D /* CoreGraphics.framework */ = {isa = PBXFileReference; lastKnownFileType = wrapper.framework; name = CoreGraphics.framework; path = System/Library/Frameworks/CoreGraphics.framework; sourceTree = SDKROOT; };
		28AD733E0D9D9553002E5188 /* MainWindow.xib */ = {isa = PBXFileReference; lastKnownFileType = file.xib; path = MainWindow.xib; sourceTree = "<group>"; };
		29B97316FDCFA39411CA2CEA /* main.m */ = {isa = PBXFileReference; fileEncoding = 4; lastKnownFileType = sourcecode.c.objc; path = main.m; sourceTree = "<group>"; };
		32CA4F630368D1EE00C91783 /* MYCallsign_Prefix.pch */ = {isa = PBXFileReference; fileEncoding = 4; lastKnownFileType = sourcecode.c.h; path = MYCallsign_Prefix.pch; sourceTree = "<group>"; };
		8D1107310486CEB800E47090 /* MYCallsign-Info.plist */ = {isa = PBXFileReference; fileEncoding = 4; lastKnownFileType = text.plist.xml; path = "MYCallsign-Info.plist"; plistStructureDefinitionIdentifier = "com.apple.xcode.plist.structure-definition.iphone.info-plist"; sourceTree = "<group>"; };
		9F13B51512EB2EBC0016B06D /* map_ico.png */ = {isa = PBXFileReference; lastKnownFileType = image.png; path = map_ico.png; sourceTree = "<group>"; };
		9F6AE06D12E773BA005DECC6 /* SearchNavController.h */ = {isa = PBXFileReference; fileEncoding = 4; lastKnownFileType = sourcecode.c.h; path = SearchNavController.h; sourceTree = "<group>"; };
		9F6AE06E12E773BA005DECC6 /* SearchNavController.m */ = {isa = PBXFileReference; fileEncoding = 4; lastKnownFileType = sourcecode.c.objc; path = SearchNavController.m; sourceTree = "<group>"; };
		9F6AE08712E7756D005DECC6 /* MemberDetailsViewController.h */ = {isa = PBXFileReference; fileEncoding = 4; lastKnownFileType = sourcecode.c.h; path = MemberDetailsViewController.h; sourceTree = "<group>"; };
		9F6AE08812E7756D005DECC6 /* MemberDetailsViewController.m */ = {isa = PBXFileReference; fileEncoding = 4; lastKnownFileType = sourcecode.c.objc; path = MemberDetailsViewController.m; sourceTree = "<group>"; };
		9F6AE08C12E776C6005DECC6 /* MemberDetailsView.xib */ = {isa = PBXFileReference; lastKnownFileType = file.xib; path = MemberDetailsView.xib; sourceTree = "<group>"; };
		9F72293A12E217630014C399 /* MYCallsign_ico.png */ = {isa = PBXFileReference; lastKnownFileType = image.png; path = MYCallsign_ico.png; sourceTree = "<group>"; };
		9F72294B12E21D400014C399 /* about_ico.png */ = {isa = PBXFileReference; lastKnownFileType = image.png; path = about_ico.png; sourceTree = "<group>"; };
		9F72294C12E21D400014C399 /* repeater_ico.png */ = {isa = PBXFileReference; lastKnownFileType = image.png; path = repeater_ico.png; sourceTree = "<group>"; };
		9F72294D12E21D400014C399 /* search_ico.png */ = {isa = PBXFileReference; lastKnownFileType = image.png; path = search_ico.png; sourceTree = "<group>"; };
		9F72296512E2288C0014C399 /* CallsignViewController.h */ = {isa = PBXFileReference; fileEncoding = 4; lastKnownFileType = sourcecode.c.h; path = CallsignViewController.h; sourceTree = "<group>"; };
		9F72296612E2288C0014C399 /* CallsignViewController.m */ = {isa = PBXFileReference; fileEncoding = 4; lastKnownFileType = sourcecode.c.objc; path = CallsignViewController.m; sourceTree = "<group>"; };
		9F72296812E228EE0014C399 /* CallsignView.xib */ = {isa = PBXFileReference; lastKnownFileType = file.xib; path = CallsignView.xib; sourceTree = "<group>"; };
		9F72296A12E2290E0014C399 /* RepeaterViewController.h */ = {isa = PBXFileReference; fileEncoding = 4; lastKnownFileType = sourcecode.c.h; path = RepeaterViewController.h; sourceTree = "<group>"; };
		9F72296B12E2290E0014C399 /* RepeaterViewController.m */ = {isa = PBXFileReference; fileEncoding = 4; lastKnownFileType = sourcecode.c.objc; path = RepeaterViewController.m; sourceTree = "<group>"; };
		9F72296F12E229410014C399 /* AboutViewController.h */ = {isa = PBXFileReference; fileEncoding = 4; lastKnownFileType = sourcecode.c.h; path = AboutViewController.h; sourceTree = "<group>"; };
		9F72297012E229410014C399 /* AboutViewController.m */ = {isa = PBXFileReference; fileEncoding = 4; lastKnownFileType = sourcecode.c.objc; path = AboutViewController.m; sourceTree = "<group>"; };
		9F72297212E2294E0014C399 /* AboutView.xib */ = {isa = PBXFileReference; lastKnownFileType = file.xib; path = AboutView.xib; sourceTree = "<group>"; };
		9F7229EC12E37D010014C399 /* libsqlite3.0.dylib */ = {isa = PBXFileReference; lastKnownFileType = "compiled.mach-o.dylib"; name = libsqlite3.0.dylib; path = usr/lib/libsqlite3.0.dylib; sourceTree = SDKROOT; };
		9F7229F212E37E160014C399 /* Member.h */ = {isa = PBXFileReference; fileEncoding = 4; lastKnownFileType = sourcecode.c.h; path = Member.h; sourceTree = "<group>"; };
		9F7229F312E37E160014C399 /* Member.m */ = {isa = PBXFileReference; fileEncoding = 4; lastKnownFileType = sourcecode.c.objc; path = Member.m; sourceTree = "<group>"; };
		9FCD477A12EB73C0007485AF /* RepeaterView.xib */ = {isa = PBXFileReference; lastKnownFileType = file.xib; path = RepeaterView.xib; sourceTree = "<group>"; };
		9FCD4AE712EC64AA007485AF /* RepeatersMapViewController.h */ = {isa = PBXFileReference; fileEncoding = 4; lastKnownFileType = sourcecode.c.h; path = RepeatersMapViewController.h; sourceTree = "<group>"; };
		9FCD4AE812EC64AA007485AF /* RepeatersMapViewController.m */ = {isa = PBXFileReference; fileEncoding = 4; lastKnownFileType = sourcecode.c.objc; path = RepeatersMapViewController.m; sourceTree = "<group>"; };
		9FCD4AEA12EC65D4007485AF /* RepeatersMapView.xib */ = {isa = PBXFileReference; lastKnownFileType = file.xib; path = RepeatersMapView.xib; sourceTree = "<group>"; };
		9FCD4B2F12EC6EB6007485AF /* CoreLocation.framework */ = {isa = PBXFileReference; lastKnownFileType = wrapper.framework; name = CoreLocation.framework; path = System/Library/Frameworks/CoreLocation.framework; sourceTree = SDKROOT; };
		9FCD4EF912EDEBA5007485AF /* Default.png */ = {isa = PBXFileReference; lastKnownFileType = image.png; name = Default.png; path = Images/Default.png; sourceTree = SOURCE_ROOT; };
		9FCD4F4B12EDF633007485AF /* about.png */ = {isa = PBXFileReference; lastKnownFileType = image.png; name = about.png; path = Images/about.png; sourceTree = SOURCE_ROOT; };
		9FCF4FB512E98C5500699BBE /* RepeaterNavController.h */ = {isa = PBXFileReference; fileEncoding = 4; lastKnownFileType = sourcecode.c.h; path = RepeaterNavController.h; sourceTree = "<group>"; };
		9FCF4FB612E98C5500699BBE /* RepeaterNavController.m */ = {isa = PBXFileReference; fileEncoding = 4; lastKnownFileType = sourcecode.c.objc; path = RepeaterNavController.m; sourceTree = "<group>"; };
		9FCF4FE812E997D600699BBE /* Repeater.h */ = {isa = PBXFileReference; fileEncoding = 4; lastKnownFileType = sourcecode.c.h; path = Repeater.h; sourceTree = "<group>"; };
		9FCF4FE912E997D600699BBE /* Repeater.m */ = {isa = PBXFileReference; fileEncoding = 4; lastKnownFileType = sourcecode.c.objc; path = Repeater.m; sourceTree = "<group>"; };
		9FCF515612E9F68600699BBE /* mycallsign_db.sqlite3 */ = {isa = PBXFileReference; lastKnownFileType = file; name = mycallsign_db.sqlite3; path = Databases/mycallsign_db.sqlite3; sourceTree = "<group>"; };
		9FCF522912EAF81500699BBE /* MapViewController.h */ = {isa = PBXFileReference; fileEncoding = 4; lastKnownFileType = sourcecode.c.h; path = MapViewController.h; sourceTree = "<group>"; };
		9FCF522A12EAF81500699BBE /* MapViewController.m */ = {isa = PBXFileReference; fileEncoding = 4; lastKnownFileType = sourcecode.c.objc; path = MapViewController.m; sourceTree = "<group>"; };
		9FCF522C12EAF86B00699BBE /* MapView.xib */ = {isa = PBXFileReference; lastKnownFileType = file.xib; path = MapView.xib; sourceTree = "<group>"; };
		9FCF528D12EAFF5E00699BBE /* MapKit.framework */ = {isa = PBXFileReference; lastKnownFileType = wrapper.framework; name = MapKit.framework; path = System/Library/Frameworks/MapKit.framework; sourceTree = SDKROOT; };
		9FCF531D12EB0F6600699BBE /* MKAnnotation.h */ = {isa = PBXFileReference; fileEncoding = 4; lastKnownFileType = sourcecode.c.h; path = MKAnnotation.h; sourceTree = "<group>"; };
		9FCF531E12EB0F6600699BBE /* MKAnnotation.m */ = {isa = PBXFileReference; fileEncoding = 4; lastKnownFileType = sourcecode.c.objc; path = MKAnnotation.m; sourceTree = "<group>"; };
/* End PBXFileReference section */

/* Begin PBXFrameworksBuildPhase section */
		1D60588F0D05DD3D006BFB54 /* Frameworks */ = {
			isa = PBXFrameworksBuildPhase;
			buildActionMask = 2147483647;
			files = (
				1D60589F0D05DD5A006BFB54 /* Foundation.framework in Frameworks */,
				1DF5F4E00D08C38300B7A737 /* UIKit.framework in Frameworks */,
				288765FD0DF74451002DB57D /* CoreGraphics.framework in Frameworks */,
				9F7229ED12E37D010014C399 /* libsqlite3.0.dylib in Frameworks */,
				9FCF528E12EAFF5E00699BBE /* MapKit.framework in Frameworks */,
				9FCD4B3012EC6EB6007485AF /* CoreLocation.framework in Frameworks */,
			);
			runOnlyForDeploymentPostprocessing = 0;
		};
/* End PBXFrameworksBuildPhase section */

/* Begin PBXGroup section */
		080E96DDFE201D6D7F000001 /* Classes */ = {
			isa = PBXGroup;
			children = (
				9F6AE08712E7756D005DECC6 /* MemberDetailsViewController.h */,
				9F6AE08812E7756D005DECC6 /* MemberDetailsViewController.m */,
				9F6AE06D12E773BA005DECC6 /* SearchNavController.h */,
				9F6AE06E12E773BA005DECC6 /* SearchNavController.m */,
				1D3623240D0F684500981E51 /* MYCallsignAppDelegate.h */,
				1D3623250D0F684500981E51 /* MYCallsignAppDelegate.m */,
				9F72296512E2288C0014C399 /* CallsignViewController.h */,
				9F72296612E2288C0014C399 /* CallsignViewController.m */,
				9F72296A12E2290E0014C399 /* RepeaterViewController.h */,
				9F72296B12E2290E0014C399 /* RepeaterViewController.m */,
				9F72296F12E229410014C399 /* AboutViewController.h */,
				9F72297012E229410014C399 /* AboutViewController.m */,
				9F7229F212E37E160014C399 /* Member.h */,
				9F7229F312E37E160014C399 /* Member.m */,
				9FCF4FE812E997D600699BBE /* Repeater.h */,
				9FCF4FE912E997D600699BBE /* Repeater.m */,
				9FCF4FB512E98C5500699BBE /* RepeaterNavController.h */,
				9FCF4FB612E98C5500699BBE /* RepeaterNavController.m */,
				9FCF522912EAF81500699BBE /* MapViewController.h */,
				9FCF522A12EAF81500699BBE /* MapViewController.m */,
				9FCF531D12EB0F6600699BBE /* MKAnnotation.h */,
				9FCF531E12EB0F6600699BBE /* MKAnnotation.m */,
				9FCD4AE712EC64AA007485AF /* RepeatersMapViewController.h */,
				9FCD4AE812EC64AA007485AF /* RepeatersMapViewController.m */,
			);
			path = Classes;
			sourceTree = "<group>";
		};
		19C28FACFE9D520D11CA2CBB /* Products */ = {
			isa = PBXGroup;
			children = (
				1D6058910D05DD3D006BFB54 /* MYCallsign.app */,
			);
			name = Products;
			sourceTree = "<group>";
		};
		29B97314FDCFA39411CA2CEA /* CustomTemplate */ = {
			isa = PBXGroup;
			children = (
				9F72293712E217410014C399 /* Images */,
				9F71F9BD12E1B2D3001595A3 /* Views */,
				080E96DDFE201D6D7F000001 /* Classes */,
				29B97315FDCFA39411CA2CEA /* Other Sources */,
				29B97317FDCFA39411CA2CEA /* Resources */,
				29B97323FDCFA39411CA2CEA /* Frameworks */,
				19C28FACFE9D520D11CA2CBB /* Products */,
			);
			name = CustomTemplate;
			sourceTree = "<group>";
		};
		29B97315FDCFA39411CA2CEA /* Other Sources */ = {
			isa = PBXGroup;
			children = (
				9FCF515612E9F68600699BBE /* mycallsign_db.sqlite3 */,
				32CA4F630368D1EE00C91783 /* MYCallsign_Prefix.pch */,
				29B97316FDCFA39411CA2CEA /* main.m */,
			);
			name = "Other Sources";
			sourceTree = "<group>";
		};
		29B97317FDCFA39411CA2CEA /* Resources */ = {
			isa = PBXGroup;
			children = (
				8D1107310486CEB800E47090 /* MYCallsign-Info.plist */,
			);
			name = Resources;
			sourceTree = "<group>";
		};
		29B97323FDCFA39411CA2CEA /* Frameworks */ = {
			isa = PBXGroup;
			children = (
				1DF5F4DF0D08C38300B7A737 /* UIKit.framework */,
				1D30AB110D05D00D00671497 /* Foundation.framework */,
				288765FC0DF74451002DB57D /* CoreGraphics.framework */,
				9F7229EC12E37D010014C399 /* libsqlite3.0.dylib */,
				9FCF528D12EAFF5E00699BBE /* MapKit.framework */,
				9FCD4B2F12EC6EB6007485AF /* CoreLocation.framework */,
			);
			name = Frameworks;
			sourceTree = "<group>";
		};
		9F71F9BD12E1B2D3001595A3 /* Views */ = {
			isa = PBXGroup;
			children = (
				9FCD4F4B12EDF633007485AF /* about.png */,
				9FCD4EF912EDEBA5007485AF /* Default.png */,
				9F6AE08C12E776C6005DECC6 /* MemberDetailsView.xib */,
				28AD733E0D9D9553002E5188 /* MainWindow.xib */,
				9F72296812E228EE0014C399 /* CallsignView.xib */,
				9F72297212E2294E0014C399 /* AboutView.xib */,
				9FCF522C12EAF86B00699BBE /* MapView.xib */,
				9FCD477A12EB73C0007485AF /* RepeaterView.xib */,
				9FCD4AEA12EC65D4007485AF /* RepeatersMapView.xib */,
			);
			path = Views;
			sourceTree = "<group>";
		};
		9F72293712E217410014C399 /* Images */ = {
			isa = PBXGroup;
			children = (
				9F13B51512EB2EBC0016B06D /* map_ico.png */,
				9F72294B12E21D400014C399 /* about_ico.png */,
				9F72294C12E21D400014C399 /* repeater_ico.png */,
				9F72294D12E21D400014C399 /* search_ico.png */,
				9F72293A12E217630014C399 /* MYCallsign_ico.png */,
			);
			path = Images;
			sourceTree = "<group>";
		};
/* End PBXGroup section */

/* Begin PBXNativeTarget section */
		1D6058900D05DD3D006BFB54 /* MYCallsign */ = {
			isa = PBXNativeTarget;
			buildConfigurationList = 1D6058960D05DD3E006BFB54 /* Build configuration list for PBXNativeTarget "MYCallsign" */;
			buildPhases = (
				1D60588D0D05DD3D006BFB54 /* Resources */,
				1D60588E0D05DD3D006BFB54 /* Sources */,
				1D60588F0D05DD3D006BFB54 /* Frameworks */,
			);
			buildRules = (
			);
			dependencies = (
			);
			name = MYCallsign;
			productName = MYCallsign;
			productReference = 1D6058910D05DD3D006BFB54 /* MYCallsign.app */;
			productType = "com.apple.product-type.application";
		};
/* End PBXNativeTarget section */

/* Begin PBXProject section */
		29B97313FDCFA39411CA2CEA /* Project object */ = {
			isa = PBXProject;
			buildConfigurationList = C01FCF4E08A954540054247B /* Build configuration list for PBXProject "MYCallsign" */;
			compatibilityVersion = "Xcode 3.1";
			developmentRegion = English;
			hasScannedForEncodings = 1;
			knownRegions = (
				English,
				Japanese,
				French,
				German,
			);
			mainGroup = 29B97314FDCFA39411CA2CEA /* CustomTemplate */;
			projectDirPath = "";
			projectRoot = "";
			targets = (
				1D6058900D05DD3D006BFB54 /* MYCallsign */,
			);
		};
/* End PBXProject section */

/* Begin PBXResourcesBuildPhase section */
		1D60588D0D05DD3D006BFB54 /* Resources */ = {
			isa = PBXResourcesBuildPhase;
			buildActionMask = 2147483647;
			files = (
				28AD733F0D9D9553002E5188 /* MainWindow.xib in Resources */,
				9F72293B12E217630014C399 /* MYCallsign_ico.png in Resources */,
				9F72294E12E21D400014C399 /* about_ico.png in Resources */,
				9F72294F12E21D400014C399 /* repeater_ico.png in Resources */,
				9F72295012E21D400014C399 /* search_ico.png in Resources */,
				9F72296912E228EE0014C399 /* CallsignView.xib in Resources */,
				9F72297312E2294E0014C399 /* AboutView.xib in Resources */,
				9F6AE08D12E776C6005DECC6 /* MemberDetailsView.xib in Resources */,
				9FCF515712E9F68600699BBE /* mycallsign_db.sqlite3 in Resources */,
				9FCF522D12EAF86B00699BBE /* MapView.xib in Resources */,
				9F13B51612EB2EBC0016B06D /* map_ico.png in Resources */,
				9FCD477B12EB73C0007485AF /* RepeaterView.xib in Resources */,
				9FCD4AEB12EC65D4007485AF /* RepeatersMapView.xib in Resources */,
				9FCD4EFA12EDEBA5007485AF /* Default.png in Resources */,
				9FCD4F4C12EDF633007485AF /* about.png in Resources */,
			);
			runOnlyForDeploymentPostprocessing = 0;
		};
/* End PBXResourcesBuildPhase section */

/* Begin PBXSourcesBuildPhase section */
		1D60588E0D05DD3D006BFB54 /* Sources */ = {
			isa = PBXSourcesBuildPhase;
			buildActionMask = 2147483647;
			files = (
				1D60589B0D05DD56006BFB54 /* main.m in Sources */,
				1D3623260D0F684500981E51 /* MYCallsignAppDelegate.m in Sources */,
				9F72296712E2288C0014C399 /* CallsignViewController.m in Sources */,
				9F72296C12E2290E0014C399 /* RepeaterViewController.m in Sources */,
				9F72297112E229410014C399 /* AboutViewController.m in Sources */,
				9F7229F412E37E160014C399 /* Member.m in Sources */,
				9F6AE06F12E773BA005DECC6 /* SearchNavController.m in Sources */,
				9F6AE08912E7756D005DECC6 /* MemberDetailsViewController.m in Sources */,
				9FCF4FB712E98C5500699BBE /* RepeaterNavController.m in Sources */,
				9FCF4FEA12E997D600699BBE /* Repeater.m in Sources */,
				9FCF522B12EAF81500699BBE /* MapViewController.m in Sources */,
				9FCF531F12EB0F6600699BBE /* MKAnnotation.m in Sources */,
				9FCD4AE912EC64AA007485AF /* RepeatersMapViewController.m in Sources */,
			);
			runOnlyForDeploymentPostprocessing = 0;
		};
/* End PBXSourcesBuildPhase section */

/* Begin XCBuildConfiguration section */
		1D6058940D05DD3E006BFB54 /* Debug */ = {
			isa = XCBuildConfiguration;
			buildSettings = {
				ALWAYS_SEARCH_USER_PATHS = NO;
				COPY_PHASE_STRIP = NO;
				GCC_DYNAMIC_NO_PIC = NO;
				GCC_OPTIMIZATION_LEVEL = 0;
				GCC_PRECOMPILE_PREFIX_HEADER = YES;
				GCC_PREFIX_HEADER = MYCallsign_Prefix.pch;
				INFOPLIST_FILE = "MYCallsign-Info.plist";
				PRODUCT_NAME = MYCallsign;
			};
			name = Debug;
		};
		1D6058950D05DD3E006BFB54 /* Release */ = {
			isa = XCBuildConfiguration;
			buildSettings = {
				ALWAYS_SEARCH_USER_PATHS = NO;
				COPY_PHASE_STRIP = YES;
				GCC_PRECOMPILE_PREFIX_HEADER = YES;
				GCC_PREFIX_HEADER = MYCallsign_Prefix.pch;
				INFOPLIST_FILE = "MYCallsign-Info.plist";
				PRODUCT_NAME = MYCallsign;
				VALIDATE_PRODUCT = YES;
			};
			name = Release;
		};
		C01FCF4F08A954540054247B /* Debug */ = {
			isa = XCBuildConfiguration;
			buildSettings = {
				ARCHS = "$(ARCHS_STANDARD_32_BIT)";
				"CODE_SIGN_IDENTITY[sdk=iphoneos*]" = "iPhone Developer";
				GCC_C_LANGUAGE_STANDARD = c99;
				GCC_WARN_ABOUT_RETURN_TYPE = YES;
				GCC_WARN_UNUSED_VARIABLE = YES;
				IPHONEOS_DEPLOYMENT_TARGET = 4.0;
				PREBINDING = NO;
				"PROVISIONING_PROFILE[sdk=iphoneos*]" = "";
				SDKROOT = iphoneos;
			};
			name = Debug;
		};
		C01FCF5008A954540054247B /* Release */ = {
			isa = XCBuildConfiguration;
			buildSettings = {
				ARCHS = "$(ARCHS_STANDARD_32_BIT)";
				"CODE_SIGN_IDENTITY[sdk=iphoneos*]" = "iPhone Developer";
				GCC_C_LANGUAGE_STANDARD = c99;
				GCC_WARN_ABOUT_RETURN_TYPE = YES;
				GCC_WARN_UNUSED_VARIABLE = YES;
				IPHONEOS_DEPLOYMENT_TARGET = 4.0;
				OTHER_CFLAGS = "-DNS_BLOCK_ASSERTIONS=1";
				PREBINDING = NO;
				"PROVISIONING_PROFILE[sdk=iphoneos*]" = "";
				SDKROOT = iphoneos;
			};
			name = Release;
		};
/* End XCBuildConfiguration section */

/* Begin XCConfigurationList section */
		1D6058960D05DD3E006BFB54 /* Build configuration list for PBXNativeTarget "MYCallsign" */ = {
			isa = XCConfigurationList;
			buildConfigurations = (
				1D6058940D05DD3E006BFB54 /* Debug */,
				1D6058950D05DD3E006BFB54 /* Release */,
			);
			defaultConfigurationIsVisible = 0;
			defaultConfigurationName = Release;
		};
		C01FCF4E08A954540054247B /* Build configuration list for PBXProject "MYCallsign" */ = {
			isa = XCConfigurationList;
			buildConfigurations = (
				C01FCF4F08A954540054247B /* Debug */,
				C01FCF5008A954540054247B /* Release */,
			);
			defaultConfigurationIsVisible = 0;
			defaultConfigurationName = Release;
		};
/* End XCConfigurationList section */
	};
	rootObject = 29B97313FDCFA39411CA2CEA /* Project object */;
}
